
Microsoft Visual Studio Solution File, Format Version 12.00
# Visual Studio Version 16
VisualStudioVersion = 16.0.30907.101
MinimumVisualStudioVersion = 10.0.40219.1
Project("{FAE04EC0-301F-11D3-BF4B-00C04F79EFBC}") = "Aufgabe_8", "Aufgabe_8\Aufgabe_8.csproj", "{302BF276-CDEB-4B5D-A28D-0E360FBA3F43}"
EndProject
Global
	GlobalSection(SolutionConfigurationPlatforms) = preSolution
		Debug|Any CPU = Debug|Any CPU
		Release|Any CPU = Release|Any CPU
	EndGlobalSection
	GlobalSection(ProjectConfigurationPlatforms) = postSolution
		{302BF276-CDEB-4B5D-A28D-0E360FBA3F43}.Debug|Any CPU.ActiveCfg = Debug|Any CPU
		{302BF276-CDEB-4B5D-A28D-0E360FBA3F43}.Debug|Any CPU.Build.0 = Debug|Any CPU
		{302BF276-CDEB-4B5D-A28D-0E360FBA3F43}.Release|Any CPU.ActiveCfg = Release|Any CPU
		{302BF276-CDEB-4B5D-A28D-0E360FBA3F43}.Release|Any CPU.Build.0 = Release|Any CPU
	EndGlobalSection
	GlobalSection(SolutionProperties) = preSolution
		HideSolutionNode = FALSE
	EndGlobalSection
	GlobalSection(ExtensibilityGlobals) = postSolution
		SolutionGuid = {DFD8EC42-FD9A-46A2-9F4F-BDA85C184C97}
	EndGlobalSection
EndGlobal
